// !$*UTF8*$!
{
	archiveVersion = 1;
	classes = {
	};
	objectVersion = 56;
	objects = {

/* Begin PBXBuildFile section */
		ADFCE32F2B236EC100BF07A9 /* AppDelegate.swift in Sources */ = {isa = PBXBuildFile; fileRef = ADFCE32E2B236EC100BF07A9 /* AppDelegate.swift */; };
		ADFCE3312B236EC100BF07A9 /* SceneDelegate.swift in Sources */ = {isa = PBXBuildFile; fileRef = ADFCE3302B236EC100BF07A9 /* SceneDelegate.swift */; };
		ADFCE3332B236EC100BF07A9 /* ViewController.swift in Sources */ = {isa = PBXBuildFile; fileRef = ADFCE3322B236EC100BF07A9 /* ViewController.swift */; };
		ADFCE3362B236EC100BF07A9 /* Main.storyboard in Resources */ = {isa = PBXBuildFile; fileRef = ADFCE3342B236EC100BF07A9 /* Main.storyboard */; };
		ADFCE3382B236EC700BF07A9 /* Assets.xcassets in Resources */ = {isa = PBXBuildFile; fileRef = ADFCE3372B236EC700BF07A9 /* Assets.xcassets */; };
		ADFCE33B2B236EC700BF07A9 /* LaunchScreen.storyboard in Resources */ = {isa = PBXBuildFile; fileRef = ADFCE3392B236EC700BF07A9 /* LaunchScreen.storyboard */; };
		ADFCE3462B236EC800BF07A9 /* RSSManagerTests.swift in Sources */ = {isa = PBXBuildFile; fileRef = ADFCE3452B236EC800BF07A9 /* RSSManagerTests.swift */; };
		ADFCE3502B236EC800BF07A9 /* RSSManagerUITests.swift in Sources */ = {isa = PBXBuildFile; fileRef = ADFCE34F2B236EC800BF07A9 /* RSSManagerUITests.swift */; };
		ADFCE3522B236EC800BF07A9 /* RSSManagerUITestsLaunchTests.swift in Sources */ = {isa = PBXBuildFile; fileRef = ADFCE3512B236EC800BF07A9 /* RSSManagerUITestsLaunchTests.swift */; };
/* End PBXBuildFile section */

/* Begin PBXContainerItemProxy section */
		ADFCE3422B236EC800BF07A9 /* PBXContainerItemProxy */ = {
			isa = PBXContainerItemProxy;
			containerPortal = ADFCE3232B236EC000BF07A9 /* Project object */;
			proxyType = 1;
			remoteGlobalIDString = ADFCE32A2B236EC100BF07A9;
			remoteInfo = RSSManager;
		};
		ADFCE34C2B236EC800BF07A9 /* PBXContainerItemProxy */ = {
			isa = PBXContainerItemProxy;
			containerPortal = ADFCE3232B236EC000BF07A9 /* Project object */;
			proxyType = 1;
			remoteGlobalIDString = ADFCE32A2B236EC100BF07A9;
			remoteInfo = RSSManager;
		};
/* End PBXContainerItemProxy section */

/* Begin PBXFileReference section */
		ADFCE32B2B236EC100BF07A9 /* RSSManager.app */ = {isa = PBXFileReference; explicitFileType = wrapper.application; includeInIndex = 0; path = RSSManager.app; sourceTree = BUILT_PRODUCTS_DIR; };
		ADFCE32E2B236EC100BF07A9 /* AppDelegate.swift */ = {isa = PBXFileReference; lastKnownFileType = sourcecode.swift; path = AppDelegate.swift; sourceTree = "<group>"; };
		ADFCE3302B236EC100BF07A9 /* SceneDelegate.swift */ = {isa = PBXFileReference; lastKnownFileType = sourcecode.swift; path = SceneDelegate.swift; sourceTree = "<group>"; };
		ADFCE3322B236EC100BF07A9 /* ViewController.swift */ = {isa = PBXFileReference; lastKnownFileType = sourcecode.swift; path = ViewController.swift; sourceTree = "<group>"; };
		ADFCE3352B236EC100BF07A9 /* Base */ = {isa = PBXFileReference; lastKnownFileType = file.storyboard; name = Base; path = Base.lproj/Main.storyboard; sourceTree = "<group>"; };
		ADFCE3372B236EC700BF07A9 /* Assets.xcassets */ = {isa = PBXFileReference; lastKnownFileType = folder.assetcatalog; path = Assets.xcassets; sourceTree = "<group>"; };
		ADFCE33A2B236EC700BF07A9 /* Base */ = {isa = PBXFileReference; lastKnownFileType = file.storyboard; name = Base; path = Base.lproj/LaunchScreen.storyboard; sourceTree = "<group>"; };
		ADFCE33C2B236EC700BF07A9 /* Info.plist */ = {isa = PBXFileReference; lastKnownFileType = text.plist.xml; path = Info.plist; sourceTree = "<group>"; };
		ADFCE3412B236EC800BF07A9 /* RSSManagerTests.xctest */ = {isa = PBXFileReference; explicitFileType = wrapper.cfbundle; includeInIndex = 0; path = RSSManagerTests.xctest; sourceTree = BUILT_PRODUCTS_DIR; };
		ADFCE3452B236EC800BF07A9 /* RSSManagerTests.swift */ = {isa = PBXFileReference; lastKnownFileType = sourcecode.swift; path = RSSManagerTests.swift; sourceTree = "<group>"; };
		ADFCE34B2B236EC800BF07A9 /* RSSManagerUITests.xctest */ = {isa = PBXFileReference; explicitFileType = wrapper.cfbundle; includeInIndex = 0; path = RSSManagerUITests.xctest; sourceTree = BUILT_PRODUCTS_DIR; };
		ADFCE34F2B236EC800BF07A9 /* RSSManagerUITests.swift */ = {isa = PBXFileReference; lastKnownFileType = sourcecode.swift; path = RSSManagerUITests.swift; sourceTree = "<group>"; };
		ADFCE3512B236EC800BF07A9 /* RSSManagerUITestsLaunchTests.swift */ = {isa = PBXFileReference; lastKnownFileType = sourcecode.swift; path = RSSManagerUITestsLaunchTests.swift; sourceTree = "<group>"; };
/* End PBXFileReference section */

/* Begin PBXFrameworksBuildPhase section */
		ADFCE3282B236EC100BF07A9 /* Frameworks */ = {
			isa = PBXFrameworksBuildPhase;
			buildActionMask = 2147483647;
			files = (
			);
			runOnlyForDeploymentPostprocessing = 0;
		};
		ADFCE33E2B236EC800BF07A9 /* Frameworks */ = {
			isa = PBXFrameworksBuildPhase;
			buildActionMask = 2147483647;
			files = (
			);
			runOnlyForDeploymentPostprocessing = 0;
		};
		ADFCE3482B236EC800BF07A9 /* Frameworks */ = {
			isa = PBXFrameworksBuildPhase;
			buildActionMask = 2147483647;
			files = (
			);
			runOnlyForDeploymentPostprocessing = 0;
		};
/* End PBXFrameworksBuildPhase section */

/* Begin PBXGroup section */
		ADFCE3222B236EC000BF07A9 = {
			isa = PBXGroup;
			children = (
				ADFCE32D2B236EC100BF07A9 /* RSSManager */,
				ADFCE3442B236EC800BF07A9 /* RSSManagerTests */,
				ADFCE34E2B236EC800BF07A9 /* RSSManagerUITests */,
				ADFCE32C2B236EC100BF07A9 /* Products */,
			);
			sourceTree = "<group>";
		};
		ADFCE32C2B236EC100BF07A9 /* Products */ = {
			isa = PBXGroup;
			children = (
				ADFCE32B2B236EC100BF07A9 /* RSSManager.app */,
				ADFCE3412B236EC800BF07A9 /* RSSManagerTests.xctest */,
				ADFCE34B2B236EC800BF07A9 /* RSSManagerUITests.xctest */,
			);
			name = Products;
			sourceTree = "<group>";
		};
		ADFCE32D2B236EC100BF07A9 /* RSSManager */ = {
			isa = PBXGroup;
			children = (
				ADFCE32E2B236EC100BF07A9 /* AppDelegate.swift */,
				ADFCE3302B236EC100BF07A9 /* SceneDelegate.swift */,
				ADFCE3322B236EC100BF07A9 /* ViewController.swift */,
				ADFCE3342B236EC100BF07A9 /* Main.storyboard */,
				ADFCE3372B236EC700BF07A9 /* Assets.xcassets */,
				ADFCE3392B236EC700BF07A9 /* LaunchScreen.storyboard */,
				ADFCE33C2B236EC700BF07A9 /* Info.plist */,
			);
			path = RSSManager;
			sourceTree = "<group>";
		};
		ADFCE3442B236EC800BF07A9 /* RSSManagerTests */ = {
			isa = PBXGroup;
			children = (
				ADFCE3452B236EC800BF07A9 /* RSSManagerTests.swift */,
			);
			path = RSSManagerTests;
			sourceTree = "<group>";
		};
		ADFCE34E2B236EC800BF07A9 /* RSSManagerUITests */ = {
			isa = PBXGroup;
			children = (
				ADFCE34F2B236EC800BF07A9 /* RSSManagerUITests.swift */,
				ADFCE3512B236EC800BF07A9 /* RSSManagerUITestsLaunchTests.swift */,
			);
			path = RSSManagerUITests;
			sourceTree = "<group>";
		};
/* End PBXGroup section */

/* Begin PBXNativeTarget section */
		ADFCE32A2B236EC100BF07A9 /* RSSManager */ = {
			isa = PBXNativeTarget;
			buildConfigurationList = ADFCE3552B236EC800BF07A9 /* Build configuration list for PBXNativeTarget "RSSManager" */;
			buildPhases = (
				ADFCE3272B236EC100BF07A9 /* Sources */,
				ADFCE3282B236EC100BF07A9 /* Frameworks */,
				ADFCE3292B236EC100BF07A9 /* Resources */,
			);
			buildRules = (
			);
			dependencies = (
			);
			name = RSSManager;
			productName = RSSManager;
			productReference = ADFCE32B2B236EC100BF07A9 /* RSSManager.app */;
			productType = "com.apple.product-type.application";
		};
		ADFCE3402B236EC800BF07A9 /* RSSManagerTests */ = {
			isa = PBXNativeTarget;
			buildConfigurationList = ADFCE3582B236EC800BF07A9 /* Build configuration list for PBXNativeTarget "RSSManagerTests" */;
			buildPhases = (
				ADFCE33D2B236EC800BF07A9 /* Sources */,
				ADFCE33E2B236EC800BF07A9 /* Frameworks */,
				ADFCE33F2B236EC800BF07A9 /* Resources */,
			);
			buildRules = (
			);
			dependencies = (
				ADFCE3432B236EC800BF07A9 /* PBXTargetDependency */,
			);
			name = RSSManagerTests;
			productName = RSSManagerTests;
			productReference = ADFCE3412B236EC800BF07A9 /* RSSManagerTests.xctest */;
			productType = "com.apple.product-type.bundle.unit-test";
		};
		ADFCE34A2B236EC800BF07A9 /* RSSManagerUITests */ = {
			isa = PBXNativeTarget;
			buildConfigurationList = ADFCE35B2B236EC800BF07A9 /* Build configuration list for PBXNativeTarget "RSSManagerUITests" */;
			buildPhases = (
				ADFCE3472B236EC800BF07A9 /* Sources */,
				ADFCE3482B236EC800BF07A9 /* Frameworks */,
				ADFCE3492B236EC800BF07A9 /* Resources */,
			);
			buildRules = (
			);
			dependencies = (
				ADFCE34D2B236EC800BF07A9 /* PBXTargetDependency */,
			);
			name = RSSManagerUITests;
			productName = RSSManagerUITests;
			productReference = ADFCE34B2B236EC800BF07A9 /* RSSManagerUITests.xctest */;
			productType = "com.apple.product-type.bundle.ui-testing";
		};
/* End PBXNativeTarget section */

/* Begin PBXProject section */
		ADFCE3232B236EC000BF07A9 /* Project object */ = {
			isa = PBXProject;
			attributes = {
				BuildIndependentTargetsInParallel = 1;
				LastSwiftUpdateCheck = 1500;
				LastUpgradeCheck = 1500;
				TargetAttributes = {
					ADFCE32A2B236EC100BF07A9 = {
						CreatedOnToolsVersion = 15.0.1;
					};
					ADFCE3402B236EC800BF07A9 = {
						CreatedOnToolsVersion = 15.0.1;
						TestTargetID = ADFCE32A2B236EC100BF07A9;
					};
					ADFCE34A2B236EC800BF07A9 = {
						CreatedOnToolsVersion = 15.0.1;
						TestTargetID = ADFCE32A2B236EC100BF07A9;
					};
				};
			};
			buildConfigurationList = ADFCE3262B236EC000BF07A9 /* Build configuration list for PBXProject "RSSManager" */;
			compatibilityVersion = "Xcode 14.0";
			developmentRegion = en;
			hasScannedForEncodings = 0;
			knownRegions = (
				en,
				Base,
			);
			mainGroup = ADFCE3222B236EC000BF07A9;
			productRefGroup = ADFCE32C2B236EC100BF07A9 /* Products */;
			projectDirPath = "";
			projectRoot = "";
			targets = (
				ADFCE32A2B236EC100BF07A9 /* RSSManager */,
				ADFCE3402B236EC800BF07A9 /* RSSManagerTests */,
				ADFCE34A2B236EC800BF07A9 /* RSSManagerUITests */,
			);
		};
/* End PBXProject section */

/* Begin PBXResourcesBuildPhase section */
		ADFCE3292B236EC100BF07A9 /* Resources */ = {
			isa = PBXResourcesBuildPhase;
			buildActionMask = 2147483647;
			files = (
				ADFCE33B2B236EC700BF07A9 /* LaunchScreen.storyboard in Resources */,
				ADFCE3382B236EC700BF07A9 /* Assets.xcassets in Resources */,
				ADFCE3362B236EC100BF07A9 /* Main.storyboard in Resources */,
			);
			runOnlyForDeploymentPostprocessing = 0;
		};
		ADFCE33F2B236EC800BF07A9 /* Resources */ = {
			isa = PBXResourcesBuildPhase;
			buildActionMask = 2147483647;
			files = (
			);
			runOnlyForDeploymentPostprocessing = 0;
		};
		ADFCE3492B236EC800BF07A9 /* Resources */ = {
			isa = PBXResourcesBuildPhase;
			buildActionMask = 2147483647;
			files = (
			);
			runOnlyForDeploymentPostprocessing = 0;
		};
/* End PBXResourcesBuildPhase section */

/* Begin PBXSourcesBuildPhase section */
		ADFCE3272B236EC100BF07A9 /* Sources */ = {
			isa = PBXSourcesBuildPhase;
			buildActionMask = 2147483647;
			files = (
				ADFCE3332B236EC100BF07A9 /* ViewController.swift in Sources */,
				ADFCE32F2B236EC100BF07A9 /* AppDelegate.swift in Sources */,
				ADFCE3312B236EC100BF07A9 /* SceneDelegate.swift in Sources */,
			);
			runOnlyForDeploymentPostprocessing = 0;
		};
		ADFCE33D2B236EC800BF07A9 /* Sources */ = {
			isa = PBXSourcesBuildPhase;
			buildActionMask = 2147483647;
			files = (
				ADFCE3462B236EC800BF07A9 /* RSSManagerTests.swift in Sources */,
			);
			runOnlyForDeploymentPostprocessing = 0;
		};
		ADFCE3472B236EC800BF07A9 /* Sources */ = {
			isa = PBXSourcesBuildPhase;
			buildActionMask = 2147483647;
			files = (
				ADFCE3502B236EC800BF07A9 /* RSSManagerUITests.swift in Sources */,
				ADFCE3522B236EC800BF07A9 /* RSSManagerUITestsLaunchTests.swift in Sources */,
			);
			runOnlyForDeploymentPostprocessing = 0;
		};
/* End PBXSourcesBuildPhase section */

/* Begin PBXTargetDependency section */
		ADFCE3432B236EC800BF07A9 /* PBXTargetDependency */ = {
			isa = PBXTargetDependency;
			target = ADFCE32A2B236EC100BF07A9 /* RSSManager */;
			targetProxy = ADFCE3422B236EC800BF07A9 /* PBXContainerItemProxy */;
		};
		ADFCE34D2B236EC800BF07A9 /* PBXTargetDependency */ = {
			isa = PBXTargetDependency;
			target = ADFCE32A2B236EC100BF07A9 /* RSSManager */;
			targetProxy = ADFCE34C2B236EC800BF07A9 /* PBXContainerItemProxy */;
		};
/* End PBXTargetDependency section */

/* Begin PBXVariantGroup section */
		ADFCE3342B236EC100BF07A9 /* Main.storyboard */ = {
			isa = PBXVariantGroup;
			children = (
				ADFCE3352B236EC100BF07A9 /* Base */,
			);
			name = Main.storyboard;
			sourceTree = "<group>";
		};
		ADFCE3392B236EC700BF07A9 /* LaunchScreen.storyboard */ = {
			isa = PBXVariantGroup;
			children = (
				ADFCE33A2B236EC700BF07A9 /* Base */,
			);
			name = LaunchScreen.storyboard;
			sourceTree = "<group>";
		};
/* End PBXVariantGroup section */

/* Begin XCBuildConfiguration section */
		ADFCE3532B236EC800BF07A9 /* Debug */ = {
			isa = XCBuildConfiguration;
			buildSettings = {
				ALWAYS_SEARCH_USER_PATHS = NO;
				ASSETCATALOG_COMPILER_GENERATE_SWIFT_ASSET_SYMBOL_EXTENSIONS = YES;
				CLANG_ANALYZER_NONNULL = YES;
				CLANG_ANALYZER_NUMBER_OBJECT_CONVERSION = YES_AGGRESSIVE;
				CLANG_CXX_LANGUAGE_STANDARD = "gnu++20";
				CLANG_ENABLE_MODULES = YES;
				CLANG_ENABLE_OBJC_ARC = YES;
				CLANG_ENABLE_OBJC_WEAK = YES;
				CLANG_WARN_BLOCK_CAPTURE_AUTORELEASING = YES;
				CLANG_WARN_BOOL_CONVERSION = YES;
				CLANG_WARN_COMMA = YES;
				CLANG_WARN_CONSTANT_CONVERSION = YES;
				CLANG_WARN_DEPRECATED_OBJC_IMPLEMENTATIONS = YES;
				CLANG_WARN_DIRECT_OBJC_ISA_USAGE = YES_ERROR;
				CLANG_WARN_DOCUMENTATION_COMMENTS = YES;
				CLANG_WARN_EMPTY_BODY = YES;
				CLANG_WARN_ENUM_CONVERSION = YES;
				CLANG_WARN_INFINITE_RECURSION = YES;
				CLANG_WARN_INT_CONVERSION = YES;
				CLANG_WARN_NON_LITERAL_NULL_CONVERSION = YES;
				CLANG_WARN_OBJC_IMPLICIT_RETAIN_SELF = YES;
				CLANG_WARN_OBJC_LITERAL_CONVERSION = YES;
				CLANG_WARN_OBJC_ROOT_CLASS = YES_ERROR;
				CLANG_WARN_QUOTED_INCLUDE_IN_FRAMEWORK_HEADER = YES;
				CLANG_WARN_RANGE_LOOP_ANALYSIS = YES;
				CLANG_WARN_STRICT_PROTOTYPES = YES;
				CLANG_WARN_SUSPICIOUS_MOVE = YES;
				CLANG_WARN_UNGUARDED_AVAILABILITY = YES_AGGRESSIVE;
				CLANG_WARN_UNREACHABLE_CODE = YES;
				CLANG_WARN__DUPLICATE_METHOD_MATCH = YES;
				COPY_PHASE_STRIP = NO;
				DEBUG_INFORMATION_FORMAT = dwarf;
				ENABLE_STRICT_OBJC_MSGSEND = YES;
				ENABLE_TESTABILITY = YES;
				ENABLE_USER_SCRIPT_SANDBOXING = YES;
				GCC_C_LANGUAGE_STANDARD = gnu17;
				GCC_DYNAMIC_NO_PIC = NO;
				GCC_NO_COMMON_BLOCKS = YES;
				GCC_OPTIMIZATION_LEVEL = 0;
				GCC_PREPROCESSOR_DEFINITIONS = (
					"DEBUG=1",
					"$(inherited)",
				);
				GCC_WARN_64_TO_32_BIT_CONVERSION = YES;
				GCC_WARN_ABOUT_RETURN_TYPE = YES_ERROR;
				GCC_WARN_UNDECLARED_SELECTOR = YES;
				GCC_WARN_UNINITIALIZED_AUTOS = YES_AGGRESSIVE;
				GCC_WARN_UNUSED_FUNCTION = YES;
				GCC_WARN_UNUSED_VARIABLE = YES;
				IPHONEOS_DEPLOYMENT_TARGET = 17.0;
				LOCALIZATION_PREFERS_STRING_CATALOGS = YES;
				MTL_ENABLE_DEBUG_INFO = INCLUDE_SOURCE;
				MTL_FAST_MATH = YES;
				ONLY_ACTIVE_ARCH = YES;
				SDKROOT = iphoneos;
				SWIFT_ACTIVE_COMPILATION_CONDITIONS = "DEBUG $(inherited)";
				SWIFT_OPTIMIZATION_LEVEL = "-Onone";
			};
			name = Debug;
		};
		ADFCE3542B236EC800BF07A9 /* Release */ = {
			isa = XCBuildConfiguration;
			buildSettings = {
				ALWAYS_SEARCH_USER_PATHS = NO;
				ASSETCATALOG_COMPILER_GENERATE_SWIFT_ASSET_SYMBOL_EXTENSIONS = YES;
				CLANG_ANALYZER_NONNULL = YES;
				CLANG_ANALYZER_NUMBER_OBJECT_CONVERSION = YES_AGGRESSIVE;
				CLANG_CXX_LANGUAGE_STANDARD = "gnu++20";
				CLANG_ENABLE_MODULES = YES;
				CLANG_ENABLE_OBJC_ARC = YES;
				CLANG_ENABLE_OBJC_WEAK = YES;
				CLANG_WARN_BLOCK_CAPTURE_AUTORELEASING = YES;
				CLANG_WARN_BOOL_CONVERSION = YES;
				CLANG_WARN_COMMA = YES;
				CLANG_WARN_CONSTANT_CONVERSION = YES;
				CLANG_WARN_DEPRECATED_OBJC_IMPLEMENTATIONS = YES;
				CLANG_WARN_DIRECT_OBJC_ISA_USAGE = YES_ERROR;
				CLANG_WARN_DOCUMENTATION_COMMENTS = YES;
				CLANG_WARN_EMPTY_BODY = YES;
				CLANG_WARN_ENUM_CONVERSION = YES;
				CLANG_WARN_INFINITE_RECURSION = YES;
				CLANG_WARN_INT_CONVERSION = YES;
				CLANG_WARN_NON_LITERAL_NULL_CONVERSION = YES;
				CLANG_WARN_OBJC_IMPLICIT_RETAIN_SELF = YES;
				CLANG_WARN_OBJC_LITERAL_CONVERSION = YES;
				CLANG_WARN_OBJC_ROOT_CLASS = YES_ERROR;
				CLANG_WARN_QUOTED_INCLUDE_IN_FRAMEWORK_HEADER = YES;
				CLANG_WARN_RANGE_LOOP_ANALYSIS = YES;
				CLANG_WARN_STRICT_PROTOTYPES = YES;
				CLANG_WARN_SUSPICIOUS_MOVE = YES;
				CLANG_WARN_UNGUARDED_AVAILABILITY = YES_AGGRESSIVE;
				CLANG_WARN_UNREACHABLE_CODE = YES;
				CLANG_WARN__DUPLICATE_METHOD_MATCH = YES;
				COPY_PHASE_STRIP = NO;
				DEBUG_INFORMATION_FORMAT = "dwarf-with-dsym";
				ENABLE_NS_ASSERTIONS = NO;
				ENABLE_STRICT_OBJC_MSGSEND = YES;
				ENABLE_USER_SCRIPT_SANDBOXING = YES;
				GCC_C_LANGUAGE_STANDARD = gnu17;
				GCC_NO_COMMON_BLOCKS = YES;
				GCC_WARN_64_TO_32_BIT_CONVERSION = YES;
				GCC_WARN_ABOUT_RETURN_TYPE = YES_ERROR;
				GCC_WARN_UNDECLARED_SELECTOR = YES;
				GCC_WARN_UNINITIALIZED_AUTOS = YES_AGGRESSIVE;
				GCC_WARN_UNUSED_FUNCTION = YES;
				GCC_WARN_UNUSED_VARIABLE = YES;
				IPHONEOS_DEPLOYMENT_TARGET = 17.0;
				LOCALIZATION_PREFERS_STRING_CATALOGS = YES;
				MTL_ENABLE_DEBUG_INFO = NO;
				MTL_FAST_MATH = YES;
				SDKROOT = iphoneos;
				SWIFT_COMPILATION_MODE = wholemodule;
				VALIDATE_PRODUCT = YES;
			};
			name = Release;
		};
		ADFCE3562B236EC800BF07A9 /* Debug */ = {
			isa = XCBuildConfiguration;
			buildSettings = {
				ASSETCATALOG_COMPILER_APPICON_NAME = AppIcon;
				ASSETCATALOG_COMPILER_GLOBAL_ACCENT_COLOR_NAME = AccentColor;
				CODE_SIGN_STYLE = Automatic;
				CURRENT_PROJECT_VERSION = 1;
				DEVELOPMENT_TEAM = 2GKTGSB5FH;
				GENERATE_INFOPLIST_FILE = YES;
				INFOPLIST_FILE = RSSManager/Info.plist;
				INFOPLIST_KEY_UIApplicationSupportsIndirectInputEvents = YES;
				INFOPLIST_KEY_UILaunchStoryboardName = LaunchScreen;
				INFOPLIST_KEY_UIMainStoryboardFile = Main;
				INFOPLIST_KEY_UISupportedInterfaceOrientations = UIInterfaceOrientationPortrait;
				INFOPLIST_KEY_UISupportedInterfaceOrientations_iPad = "UIInterfaceOrientationLandscapeLeft UIInterfaceOrientationLandscapeRight UIInterfaceOrientationPortrait UIInterfaceOrientationPortraitUpsideDown";
				LD_RUNPATH_SEARCH_PATHS = (
					"$(inherited)",
					"@executable_path/Frameworks",
				);
				MARKETING_VERSION = 1.0;
				PRODUCT_BUNDLE_IDENTIFIER = com.geodetpro.RSSManager;
				PRODUCT_NAME = "$(TARGET_NAME)";
				SUPPORTED_PLATFORMS = "iphoneos iphonesimulator";
				SUPPORTS_MACCATALYST = NO;
				SUPPORTS_MAC_DESIGNED_FOR_IPHONE_IPAD = NO;
				SWIFT_EMIT_LOC_STRINGS = YES;
				SWIFT_VERSION = 5.0;
				TARGETED_DEVICE_FAMILY = 1;
			};
			name = Debug;
		};
		ADFCE3572B236EC800BF07A9 /* Release */ = {
			isa = XCBuildConfiguration;
			buildSettings = {
				ASSETCATALOG_COMPILER_APPICON_NAME = AppIcon;
				ASSETCATALOG_COMPILER_GLOBAL_ACCENT_COLOR_NAME = AccentColor;
				CODE_SIGN_STYLE = Automatic;
				CURRENT_PROJECT_VERSION = 1;
				DEVELOPMENT_TEAM = 2GKTGSB5FH;
				GENERATE_INFOPLIST_FILE = YES;
				INFOPLIST_FILE = RSSManager/Info.plist;
				INFOPLIST_KEY_UIApplicationSupportsIndirectInputEvents = YES;
				INFOPLIST_KEY_UILaunchStoryboardName = LaunchScreen;
				INFOPLIST_KEY_UIMainStoryboardFile = Main;
				INFOPLIST_KEY_UISupportedInterfaceOrientations = UIInterfaceOrientationPortrait;
				INFOPLIST_KEY_UISupportedInterfaceOrientations_iPad = "UIInterfaceOrientationLandscapeLeft UIInterfaceOrientationLandscapeRight UIInterfaceOrientationPortrait UIInterfaceOrientationPortraitUpsideDown";
				LD_RUNPATH_SEARCH_PATHS = (
					"$(inherited)",
					"@executable_path/Frameworks",
				);
				MARKETING_VERSION = 1.0;
				PRODUCT_BUNDLE_IDENTIFIER = com.geodetpro.RSSManager;
				PRODUCT_NAME = "$(TARGET_NAME)";
				SUPPORTED_PLATFORMS = "iphoneos iphonesimulator";
				SUPPORTS_MACCATALYST = NO;
				SUPPORTS_MAC_DESIGNED_FOR_IPHONE_IPAD = NO;
				SWIFT_EMIT_LOC_STRINGS = YES;
				SWIFT_VERSION = 5.0;
				TARGETED_DEVICE_FAMILY = 1;
			};
			name = Release;
		};
		ADFCE3592B236EC800BF07A9 /* Debug */ = {
			isa = XCBuildConfiguration;
			buildSettings = {
				ALWAYS_EMBED_SWIFT_STANDARD_LIBRARIES = YES;
				BUNDLE_LOADER = "$(TEST_HOST)";
				CODE_SIGN_STYLE = Automatic;
				CURRENT_PROJECT_VERSION = 1;
				DEVELOPMENT_TEAM = 2GKTGSB5FH;
				GENERATE_INFOPLIST_FILE = YES;
				IPHONEOS_DEPLOYMENT_TARGET = 17.0;
				MARKETING_VERSION = 1.0;
				PRODUCT_BUNDLE_IDENTIFIER = com.geodetpro.RSSManagerTests;
				PRODUCT_NAME = "$(TARGET_NAME)";
				SWIFT_EMIT_LOC_STRINGS = NO;
				SWIFT_VERSION = 5.0;
				TARGETED_DEVICE_FAMILY = "1,2";
				TEST_HOST = "$(BUILT_PRODUCTS_DIR)/RSSManager.app/$(BUNDLE_EXECUTABLE_FOLDER_PATH)/RSSManager";
			};
			name = Debug;
		};
		ADFCE35A2B236EC800BF07A9 /* Release */ = {
			isa = XCBuildConfiguration;
			buildSettings = {
				ALWAYS_EMBED_SWIFT_STANDARD_LIBRARIES = YES;
				BUNDLE_LOADER = "$(TEST_HOST)";
				CODE_SIGN_STYLE = Automatic;
				CURRENT_PROJECT_VERSION = 1;
				DEVELOPMENT_TEAM = 2GKTGSB5FH;
				GENERATE_INFOPLIST_FILE = YES;
				IPHONEOS_DEPLOYMENT_TARGET = 17.0;
				MARKETING_VERSION = 1.0;
				PRODUCT_BUNDLE_IDENTIFIER = com.geodetpro.RSSManagerTests;
				PRODUCT_NAME = "$(TARGET_NAME)";
				SWIFT_EMIT_LOC_STRINGS = NO;
				SWIFT_VERSION = 5.0;
				TARGETED_DEVICE_FAMILY = "1,2";
				TEST_HOST = "$(BUILT_PRODUCTS_DIR)/RSSManager.app/$(BUNDLE_EXECUTABLE_FOLDER_PATH)/RSSManager";
			};
			name = Release;
		};
		ADFCE35C2B236EC800BF07A9 /* Debug */ = {
			isa = XCBuildConfiguration;
			buildSettings = {
				ALWAYS_EMBED_SWIFT_STANDARD_LIBRARIES = YES;
				CODE_SIGN_STYLE = Automatic;
				CURRENT_PROJECT_VERSION = 1;
				DEVELOPMENT_TEAM = 2GKTGSB5FH;
				GENERATE_INFOPLIST_FILE = YES;
				MARKETING_VERSION = 1.0;
				PRODUCT_BUNDLE_IDENTIFIER = com.geodetpro.RSSManagerUITests;
				PRODUCT_NAME = "$(TARGET_NAME)";
				SWIFT_EMIT_LOC_STRINGS = NO;
				SWIFT_VERSION = 5.0;
				TARGETED_DEVICE_FAMILY = "1,2";
				TEST_TARGET_NAME = RSSManager;
			};
			name = Debug;
		};
		ADFCE35D2B236EC800BF07A9 /* Release */ = {
			isa = XCBuildConfiguration;
			buildSettings = {
				ALWAYS_EMBED_SWIFT_STANDARD_LIBRARIES = YES;
				CODE_SIGN_STYLE = Automatic;
				CURRENT_PROJECT_VERSION = 1;
				DEVELOPMENT_TEAM = 2GKTGSB5FH;
				GENERATE_INFOPLIST_FILE = YES;
				MARKETING_VERSION = 1.0;
				PRODUCT_BUNDLE_IDENTIFIER = com.geodetpro.RSSManagerUITests;
				PRODUCT_NAME = "$(TARGET_NAME)";
				SWIFT_EMIT_LOC_STRINGS = NO;
				SWIFT_VERSION = 5.0;
				TARGETED_DEVICE_FAMILY = "1,2";
				TEST_TARGET_NAME = RSSManager;
			};
			name = Release;
		};
/* End XCBuildConfiguration section */

/* Begin XCConfigurationList section */
		ADFCE3262B236EC000BF07A9 /* Build configuration list for PBXProject "RSSManager" */ = {
			isa = XCConfigurationList;
			buildConfigurations = (
				ADFCE3532B236EC800BF07A9 /* Debug */,
				ADFCE3542B236EC800BF07A9 /* Release */,
			);
			defaultConfigurationIsVisible = 0;
			defaultConfigurationName = Release;
		};
		ADFCE3552B236EC800BF07A9 /* Build configuration list for PBXNativeTarget "RSSManager" */ = {
			isa = XCConfigurationList;
			buildConfigurations = (
				ADFCE3562B236EC800BF07A9 /* Debug */,
				ADFCE3572B236EC800BF07A9 /* Release */,
			);
			defaultConfigurationIsVisible = 0;
			defaultConfigurationName = Release;
		};
		ADFCE3582B236EC800BF07A9 /* Build configuration list for PBXNativeTarget "RSSManagerTests" */ = {
			isa = XCConfigurationList;
			buildConfigurations = (
				ADFCE3592B236EC800BF07A9 /* Debug */,
				ADFCE35A2B236EC800BF07A9 /* Release */,
			);
			defaultConfigurationIsVisible = 0;
			defaultConfigurationName = Release;
		};
		ADFCE35B2B236EC800BF07A9 /* Build configuration list for PBXNativeTarget "RSSManagerUITests" */ = {
			isa = XCConfigurationList;
			buildConfigurations = (
				ADFCE35C2B236EC800BF07A9 /* Debug */,
				ADFCE35D2B236EC800BF07A9 /* Release */,
			);
			defaultConfigurationIsVisible = 0;
			defaultConfigurationName = Release;
		};
/* End XCConfigurationList section */
	};
	rootObject = ADFCE3232B236EC000BF07A9 /* Project object */;
}
